{
    "_readme": [
        "This file locks the dependencies of your project to a known state",
        "Read more about it at https://getcomposer.org/doc/01-basic-usage.md#installing-dependencies",
        "This file is @generated automatically"
    ],
    "content-hash": "e436d70749e5fe23286e240790330582",
    "packages": [
        {
            "name": "longman/telegram-bot",
            "version": "0.64.0",
            "source": {
                "type": "git",
                "url": "https://github.com/php-telegram-bot/core.git",
                "reference": "fb55e78e980dfabef4bed606c2385f6897dd2d84"
            },
            "dist": {
                "type": "zip",
                "url": "https://api.github.com/repos/php-telegram-bot/core/zipball/fb55e78e980dfabef4bed606c2385f6897dd2d84",
                "reference": "fb55e78e980dfabef4bed606c2385f6897dd2d84",
                "shasum": ""
            },
            "require": {
                "ext-curl": "*",
                "ext-json": "*",
                "ext-mbstring": "*",
                "ext-pdo": "*",
                "guzzlehttp/guzzle": "^6.3|^7.1",
                "php": "^5.5|^7.0",
                "psr/log": "^1.1"
            },
            "require-dev": {
                "dms/phpunit-arraysubset-asserts": "^0.1",
                "monolog/monolog": "^2.1",
                "phpunit/phpunit": "^8.5",
                "squizlabs/php_codesniffer": "^3.5"
            },
            "type": "library",
            "autoload": {
                "psr-4": {
                    "Longman\\TelegramBot\\": "src/"
                }
            },
            "notification-url": "https://packagist.org/downloads/",
            "license": [
                "MIT"
            ],
            "authors": [
                {
                    "name": "Avtandil Kikabidze aka LONGMAN",
                    "email": "akalongman@gmail.com",
                    "homepage": "http://longman.me",
                    "role": "Developer"
                },
                {
                    "name": "PHP Telegram Bot Team",
                    "homepage": "https://github.com/php-telegram-bot/core/graphs/contributors",
                    "role": "Developer"
                }
            ],
            "description": "PHP Telegram bot",
            "homepage": "https://github.com/php-telegram-bot/core",
            "keywords": [
                "api",
                "bot",
                "telegram"
            ],
            "support": {
                "issues": "https://github.com/php-telegram-bot/core/issues",
                "source": "https://github.com/php-telegram-bot/core"
            },
            "funding": [
                {
                    "url": "https://github.com/php-telegram-bot/core#donate",
                    "type": "custom"
                },
                {
                    "url": "https://github.com/noplanman",
                    "type": "github"
                },
                {
                    "url": "https://ko-fi.com/phptelegrambot",
                    "type": "ko_fi"
                },
                {
                    "url": "https://liberapay.com/PHP-Telegram-Bot",
                    "type": "liberapay"
                },
                {
                    "url": "https://opencollective.com/php-telegram-bot",
                    "type": "open_collective"
                },
                {
                    "url": "https://www.patreon.com/phptelegrambot",
                    "type": "patreon"
                },
                {
                    "url": "https://tidelift.com/funding/github/packagist/longman/telegram-bot",
                    "type": "tidelift"
                }
            ],
            "time": "2020-10-03T23:57:43+00:00"
        },
        {
            "name": "psr/log",
            "version": "1.1.4",
            "source": {
                "type": "git",
                "url": "https://github.com/php-fig/log.git",
                "reference": "d49695b909c3b7628b6289db5479a1c204601f11"
            },
            "dist": {
                "type": "zip",
                "url": "https://api.github.com/repos/php-fig/log/zipball/d49695b909c3b7628b6289db5479a1c204601f11",
                "reference": "d49695b909c3b7628b6289db5479a1c204601f11",
                "shasum": ""
            },
            "require": {
                "php": ">=5.3.0"
            },
            "type": "library",
            "extra": {
                "branch-alias": {
                    "dev-master": "1.1.x-dev"
                }
            },
            "autoload": {
                "psr-4": {
                    "Psr\\Log\\": "Psr/Log/"
                }
            },
            "notification-url": "https://packagist.org/downloads/",
            "license": [
                "MIT"
            ],
            "authors": [
                {
                    "name": "PHP-FIG",
                    "homepage": "https://www.php-fig.org/"
                }
            ],
            "description": "Common interface for logging libraries",
            "homepage": "https://github.com/php-fig/log",
            "keywords": [
                "log",
                "psr",
                "psr-3"
            ],
            "support": {
                "source": "https://github.com/php-fig/log/tree/1.1.4"
            },
            "time": "2021-05-03T11:20:27+00:00"
        }
    ],
    "packages-dev": [],
    "aliases": [],
    "minimum-stability": "stable",
    "stability-flags": [],
    "prefer-stable": false,
    "prefer-lowest": false,
    "platform": [],
    "platform-dev": [],
    "plugin-api-version": "2.6.0"
}
